
Microsoft Visual Studio Solution File, Format Version 12.00
# Visual Studio Version 17
VisualStudioVersion = 17.5.33516.290
MinimumVisualStudioVersion = 10.0.40219.1
Project("{9A19103F-16F7-4668-BE54-9A1E7A4F7556}") = "OdevApi.Service", "OdevApi.Service\OdevApi.Service.csproj", "{A284CC08-DD8D-497F-94BD-C311F9204FC0}"
EndProject
Project("{9A19103F-16F7-4668-BE54-9A1E7A4F7556}") = "OdevApi.DTO", "OdevApi.DTO\OdevApi.DTO.csproj", "{B9C96024-8C50-4928-9E0F-1003A4A7AA85}"
EndProject
Project("{9A19103F-16F7-4668-BE54-9A1E7A4F7556}") = "OdevApi.Data", "OdevApi.Data\OdevApi.Data.csproj", "{A2D3FAF5-83C4-42AF-BED2-0B6907ED1185}"
EndProject
Project("{9A19103F-16F7-4668-BE54-9A1E7A4F7556}") = "OdevApi.Base", "OdevApi.Base\OdevApi.Base.csproj", "{1BFBBFC8-190C-457A-ADFD-2EBDB5CE9E40}"
EndProject
Project("{FAE04EC0-301F-11D3-BF4B-00C04F79EFBC}") = "OdevApi.Web2", "OdevApi.Web2\OdevApi.Web2.csproj", "{0CEDB938-6DD6-4D12-A64B-2506EFB2763F}"
EndProject
Global
	GlobalSection(SolutionConfigurationPlatforms) = preSolution
		Debug|Any CPU = Debug|Any CPU
		Release|Any CPU = Release|Any CPU
	EndGlobalSection
	GlobalSection(ProjectConfigurationPlatforms) = postSolution
		{A284CC08-DD8D-497F-94BD-C311F9204FC0}.Debug|Any CPU.ActiveCfg = Debug|Any CPU
		{A284CC08-DD8D-497F-94BD-C311F9204FC0}.Debug|Any CPU.Build.0 = Debug|Any CPU
		{A284CC08-DD8D-497F-94BD-C311F9204FC0}.Release|Any CPU.ActiveCfg = Release|Any CPU
		{A284CC08-DD8D-497F-94BD-C311F9204FC0}.Release|Any CPU.Build.0 = Release|Any CPU
		{B9C96024-8C50-4928-9E0F-1003A4A7AA85}.Debug|Any CPU.ActiveCfg = Debug|Any CPU
		{B9C96024-8C50-4928-9E0F-1003A4A7AA85}.Debug|Any CPU.Build.0 = Debug|Any CPU
		{B9C96024-8C50-4928-9E0F-1003A4A7AA85}.Release|Any CPU.ActiveCfg = Release|Any CPU
		{B9C96024-8C50-4928-9E0F-1003A4A7AA85}.Release|Any CPU.Build.0 = Release|Any CPU
		{A2D3FAF5-83C4-42AF-BED2-0B6907ED1185}.Debug|Any CPU.ActiveCfg = Debug|Any CPU
		{A2D3FAF5-83C4-42AF-BED2-0B6907ED1185}.Debug|Any CPU.Build.0 = Debug|Any CPU
		{A2D3FAF5-83C4-42AF-BED2-0B6907ED1185}.Release|Any CPU.ActiveCfg = Release|Any CPU
		{A2D3FAF5-83C4-42AF-BED2-0B6907ED1185}.Release|Any CPU.Build.0 = Release|Any CPU
		{1BFBBFC8-190C-457A-ADFD-2EBDB5CE9E40}.Debug|Any CPU.ActiveCfg = Debug|Any CPU
		{1BFBBFC8-190C-457A-ADFD-2EBDB5CE9E40}.Debug|Any CPU.Build.0 = Debug|Any CPU
		{1BFBBFC8-190C-457A-ADFD-2EBDB5CE9E40}.Release|Any CPU.ActiveCfg = Release|Any CPU
		{1BFBBFC8-190C-457A-ADFD-2EBDB5CE9E40}.Release|Any CPU.Build.0 = Release|Any CPU
		{0CEDB938-6DD6-4D12-A64B-2506EFB2763F}.Debug|Any CPU.ActiveCfg = Debug|Any CPU
		{0CEDB938-6DD6-4D12-A64B-2506EFB2763F}.Debug|Any CPU.Build.0 = Debug|Any CPU
		{0CEDB938-6DD6-4D12-A64B-2506EFB2763F}.Release|Any CPU.ActiveCfg = Release|Any CPU
		{0CEDB938-6DD6-4D12-A64B-2506EFB2763F}.Release|Any CPU.Build.0 = Release|Any CPU
	EndGlobalSection
	GlobalSection(SolutionProperties) = preSolution
		HideSolutionNode = FALSE
	EndGlobalSection
	GlobalSection(ExtensibilityGlobals) = postSolution
		SolutionGuid = {5C8DC6F4-2B4A-43A2-A9BA-2C4BDE957B26}
	EndGlobalSection
EndGlobal
